{
  "name": "t9nkit-benchmarks",
  "lockfileVersion": 3,
  "requires": true,
  "packages": {
    "": {
      "name": "t9nkit-benchmarks",
      "devDependencies": {
        "i18next": "^24.0.0"
      }
    },
    "node_modules/@babel/runtime": {
      "version": "7.28.6",
      "resolved": "https://registry.npmjs.org/@babel/runtime/-/runtime-7.28.6.tgz",
      "integrity": "sha512-05WQkdpL9COIMz4LjTxGpPNCdlpyimKppYNoJ5Di5EUObifl8t4tuLuUBBZEpoLYOmfvIWrsp9fCl0HoPRVTdA==",
      "dev": true,
      "license": "MIT",
      "engines": {
        "node": ">=6.9.0"
      }
    },
    "node_modules/i18next": {
      "version": "24.2.3",
      "resolved": "https://registry.npmjs.org/i18next/-/i18next-24.2.3.tgz",
      "integrity": "sha512-lfbf80OzkocvX7nmZtu7nSTNbrTYR52sLWxPtlXX1zAhVw8WEnFk4puUkCR4B1dNQwbSpEHHHemcZu//7EcB7A==",
      "dev": true,
      "funding": [
        {
          "type": "individual",
          "url": "https://locize.com"
        },
        {
          "type": "individual",
          "url": "https://locize.com/i18next.html"
        },
        {
          "type": "individual",
          "url": "https://www.i18next.com/how-to/faq#i18next-is-awesome.-how-can-i-support-the-project"
        }
      ],
      "license": "MIT",
      "dependencies": {
        "@babel/runtime": "^7.26.10"
      },
      "peerDependencies": {
        "typescript": "^5"
      },
      "peerDependenciesMeta": {
        "typescript": {
          "optional": true
        }
      }
    }
  }
}
